
Microsoft Visual Studio Solution File, Format Version 12.00
# Visual Studio Version 17
VisualStudioVersion = 17.7.34024.191
MinimumVisualStudioVersion = 10.0.40219.1
Project("{FAE04EC0-301F-11D3-BF4B-00C04F79EFBC}") = "TabloSorgulama", "TabloSorgulama\TabloSorgulama.csproj", "{57B02E6F-C50A-465C-8E1C-82AAC703C171}"
EndProject
Global
	GlobalSection(SolutionConfigurationPlatforms) = preSolution
		Debug|Any CPU = Debug|Any CPU
		Release|Any CPU = Release|Any CPU
	EndGlobalSection
	GlobalSection(ProjectConfigurationPlatforms) = postSolution
		{57B02E6F-C50A-465C-8E1C-82AAC703C171}.Debug|Any CPU.ActiveCfg = Debug|Any CPU
		{57B02E6F-C50A-465C-8E1C-82AAC703C171}.Debug|Any CPU.Build.0 = Debug|Any CPU
		{57B02E6F-C50A-465C-8E1C-82AAC703C171}.Release|Any CPU.ActiveCfg = Release|Any CPU
		{57B02E6F-C50A-465C-8E1C-82AAC703C171}.Release|Any CPU.Build.0 = Release|Any CPU
	EndGlobalSection
	GlobalSection(SolutionProperties) = preSolution
		HideSolutionNode = FALSE
	EndGlobalSection
	GlobalSection(ExtensibilityGlobals) = postSolution
		SolutionGuid = {0F68F9AC-9376-4ADC-B73A-6585B85B06B3}
	EndGlobalSection
EndGlobal
